
Microsoft Visual Studio Solution File, Format Version 12.00
# Visual Studio 15
VisualStudioVersion = 15.0.27130.2010
MinimumVisualStudioVersion = 10.0.40219.1
Project("{FAE04EC0-301F-11D3-BF4B-00C04F79EFBC}") = "TheCoinChangeProblem", "TheCoinChangeProblem\TheCoinChangeProblem.csproj", "{0A1ADAAB-CBC4-4155-B3A6-153F77B7980E}"
EndProject
Project("{FAE04EC0-301F-11D3-BF4B-00C04F79EFBC}") = "LeftRotation", "LeftRotation\LeftRotation.csproj", "{66FF9F87-436D-4ED7-A4BB-6C48DEF30049}"
EndProject
Project("{FAE04EC0-301F-11D3-BF4B-00C04F79EFBC}") = "MakingAnagrams", "MakingAnagrams\MakingAnagrams.csproj", "{F7E4D96C-28AD-4B72-B722-B99745EDC336}"
EndProject
Project("{FAE04EC0-301F-11D3-BF4B-00C04F79EFBC}") = "RansomNote", "RansomNote\RansomNote.csproj", "{F0AFC8D5-E718-4394-A1CD-1558E0625E9F}"
EndProject
Project("{FAE04EC0-301F-11D3-BF4B-00C04F79EFBC}") = "Brackets", "Brackets\Brackets.csproj", "{7A9638AE-FFDD-4C87-8AE5-C35C59806645}"
EndProject
Project("{FAE04EC0-301F-11D3-BF4B-00C04F79EFBC}") = "QueueWithStacks", "QueueWithStacks\QueueWithStacks.csproj", "{FF0E8ECA-94F9-4C8A-8093-36F94DA34822}"
EndProject
Project("{FAE04EC0-301F-11D3-BF4B-00C04F79EFBC}") = "OddArray", "OddArray\OddArray.csproj", "{1CF056C6-0C2F-463B-AD4E-D41ECCCF4538}"
EndProject
Global
	GlobalSection(SolutionConfigurationPlatforms) = preSolution
		Debug|Any CPU = Debug|Any CPU
		Release|Any CPU = Release|Any CPU
	EndGlobalSection
	GlobalSection(ProjectConfigurationPlatforms) = postSolution
		{0A1ADAAB-CBC4-4155-B3A6-153F77B7980E}.Debug|Any CPU.ActiveCfg = Debug|Any CPU
		{0A1ADAAB-CBC4-4155-B3A6-153F77B7980E}.Debug|Any CPU.Build.0 = Debug|Any CPU
		{0A1ADAAB-CBC4-4155-B3A6-153F77B7980E}.Release|Any CPU.ActiveCfg = Release|Any CPU
		{0A1ADAAB-CBC4-4155-B3A6-153F77B7980E}.Release|Any CPU.Build.0 = Release|Any CPU
		{66FF9F87-436D-4ED7-A4BB-6C48DEF30049}.Debug|Any CPU.ActiveCfg = Debug|Any CPU
		{66FF9F87-436D-4ED7-A4BB-6C48DEF30049}.Debug|Any CPU.Build.0 = Debug|Any CPU
		{66FF9F87-436D-4ED7-A4BB-6C48DEF30049}.Release|Any CPU.ActiveCfg = Release|Any CPU
		{66FF9F87-436D-4ED7-A4BB-6C48DEF30049}.Release|Any CPU.Build.0 = Release|Any CPU
		{F7E4D96C-28AD-4B72-B722-B99745EDC336}.Debug|Any CPU.ActiveCfg = Debug|Any CPU
		{F7E4D96C-28AD-4B72-B722-B99745EDC336}.Debug|Any CPU.Build.0 = Debug|Any CPU
		{F7E4D96C-28AD-4B72-B722-B99745EDC336}.Release|Any CPU.ActiveCfg = Release|Any CPU
		{F7E4D96C-28AD-4B72-B722-B99745EDC336}.Release|Any CPU.Build.0 = Release|Any CPU
		{F0AFC8D5-E718-4394-A1CD-1558E0625E9F}.Debug|Any CPU.ActiveCfg = Debug|Any CPU
		{F0AFC8D5-E718-4394-A1CD-1558E0625E9F}.Debug|Any CPU.Build.0 = Debug|Any CPU
		{F0AFC8D5-E718-4394-A1CD-1558E0625E9F}.Release|Any CPU.ActiveCfg = Release|Any CPU
		{F0AFC8D5-E718-4394-A1CD-1558E0625E9F}.Release|Any CPU.Build.0 = Release|Any CPU
		{7A9638AE-FFDD-4C87-8AE5-C35C59806645}.Debug|Any CPU.ActiveCfg = Debug|Any CPU
		{7A9638AE-FFDD-4C87-8AE5-C35C59806645}.Debug|Any CPU.Build.0 = Debug|Any CPU
		{7A9638AE-FFDD-4C87-8AE5-C35C59806645}.Release|Any CPU.ActiveCfg = Release|Any CPU
		{7A9638AE-FFDD-4C87-8AE5-C35C59806645}.Release|Any CPU.Build.0 = Release|Any CPU
		{FF0E8ECA-94F9-4C8A-8093-36F94DA34822}.Debug|Any CPU.ActiveCfg = Debug|Any CPU
		{FF0E8ECA-94F9-4C8A-8093-36F94DA34822}.Debug|Any CPU.Build.0 = Debug|Any CPU
		{FF0E8ECA-94F9-4C8A-8093-36F94DA34822}.Release|Any CPU.ActiveCfg = Release|Any CPU
		{FF0E8ECA-94F9-4C8A-8093-36F94DA34822}.Release|Any CPU.Build.0 = Release|Any CPU
		{1CF056C6-0C2F-463B-AD4E-D41ECCCF4538}.Debug|Any CPU.ActiveCfg = Debug|Any CPU
		{1CF056C6-0C2F-463B-AD4E-D41ECCCF4538}.Debug|Any CPU.Build.0 = Debug|Any CPU
		{1CF056C6-0C2F-463B-AD4E-D41ECCCF4538}.Release|Any CPU.ActiveCfg = Release|Any CPU
		{1CF056C6-0C2F-463B-AD4E-D41ECCCF4538}.Release|Any CPU.Build.0 = Release|Any CPU
	EndGlobalSection
	GlobalSection(SolutionProperties) = preSolution
		HideSolutionNode = FALSE
	EndGlobalSection
	GlobalSection(ExtensibilityGlobals) = postSolution
		SolutionGuid = {5176C719-A8C0-4322-BF75-53E9F9427DA9}
	EndGlobalSection
EndGlobal
